
Microsoft Visual Studio Solution File, Format Version 12.00
# Visual Studio Version 17
VisualStudioVersion = 17.3.32825.248
MinimumVisualStudioVersion = 10.0.40219.1
Project("{8BC9CEB8-8B4A-11D0-8D11-00A0C91BC942}") = "Motor", "Projects\Motor\Motor.vcxproj", "{32D20654-5369-407B-B247-D36F1F6FB8EE}"
	ProjectSection(ProjectDependencies) = postProject
		{9E58A016-07CF-4872-BCB7-DE1C7DE1B395} = {9E58A016-07CF-4872-BCB7-DE1C7DE1B395}
	EndProjectSection
EndProject
Project("{8BC9CEB8-8B4A-11D0-8D11-00A0C91BC942}") = "ECS", "Projects\ECS\ECS.vcxproj", "{F67D33C8-8AC3-4CA7-A629-1310D4529998}"
EndProject
Project("{8BC9CEB8-8B4A-11D0-8D11-00A0C91BC942}") = "Physics", "Projects\Physics\Physics.vcxproj", "{EB0CA8E0-FCFF-4AD1-9332-D479240AF24E}"
EndProject
Project("{8BC9CEB8-8B4A-11D0-8D11-00A0C91BC942}") = "Render", "Projects\Render\Render.vcxproj", "{46A15E88-5016-42E0-A5C2-5F29C4897F55}"
EndProject
Project("{8BC9CEB8-8B4A-11D0-8D11-00A0C91BC942}") = "FlamingoUtils", "Projects\FlamingoUtils\FlamingoUtils.vcxproj", "{9B1A365D-E452-46C9-A29D-D0F41DD50AFC}"
EndProject
Project("{8BC9CEB8-8B4A-11D0-8D11-00A0C91BC942}") = "FlamingoBase", "Projects\FlamingoBase\FlamingoBase.vcxproj", "{362F5B87-0DC2-4748-9833-2186ACCBC13F}"
EndProject
Project("{8BC9CEB8-8B4A-11D0-8D11-00A0C91BC942}") = "UI", "Projects\UI\UI.vcxproj", "{5A08CD47-C455-4C79-BAFD-D836786779AE}"
EndProject
Project("{8BC9CEB8-8B4A-11D0-8D11-00A0C91BC942}") = "Lua", "Projects\Lua\Lua.vcxproj", "{6391F5FC-475B-495C-AAF1-438A9E93F877}"
EndProject
Project("{8BC9CEB8-8B4A-11D0-8D11-00A0C91BC942}") = "Audio", "Projects\Audio\Audio.vcxproj", "{9E58A016-07CF-4872-BCB7-DE1C7DE1B395}"
EndProject
Project("{8BC9CEB8-8B4A-11D0-8D11-00A0C91BC942}") = "ResourcesLoader", "Projects\ResourcesLoader\ResourcesLoader.vcxproj", "{6B7A60DD-427F-4B39-8DB6-AEDDB92A4501}"
EndProject
Project("{8BC9CEB8-8B4A-11D0-8D11-00A0C91BC942}") = "FlamingoExport", "Projects\FlamingoExport\FlamingoExport.vcxproj", "{1B8237B9-E047-4608-A144-18C34D609CD6}"
EndProject
Global
	GlobalSection(SolutionConfigurationPlatforms) = preSolution
		Debug|x64 = Debug|x64
		Debug|x86 = Debug|x86
		Release|x64 = Release|x64
		Release|x86 = Release|x86
	EndGlobalSection
	GlobalSection(ProjectConfigurationPlatforms) = postSolution
		{32D20654-5369-407B-B247-D36F1F6FB8EE}.Debug|x64.ActiveCfg = Debug|x64
		{32D20654-5369-407B-B247-D36F1F6FB8EE}.Debug|x64.Build.0 = Debug|x64
		{32D20654-5369-407B-B247-D36F1F6FB8EE}.Debug|x86.ActiveCfg = Debug|Win32
		{32D20654-5369-407B-B247-D36F1F6FB8EE}.Debug|x86.Build.0 = Debug|Win32
		{32D20654-5369-407B-B247-D36F1F6FB8EE}.Release|x64.ActiveCfg = Release|x64
		{32D20654-5369-407B-B247-D36F1F6FB8EE}.Release|x64.Build.0 = Release|x64
		{32D20654-5369-407B-B247-D36F1F6FB8EE}.Release|x86.ActiveCfg = Release|Win32
		{32D20654-5369-407B-B247-D36F1F6FB8EE}.Release|x86.Build.0 = Release|Win32
		{F67D33C8-8AC3-4CA7-A629-1310D4529998}.Debug|x64.ActiveCfg = Debug|x64
		{F67D33C8-8AC3-4CA7-A629-1310D4529998}.Debug|x64.Build.0 = Debug|x64
		{F67D33C8-8AC3-4CA7-A629-1310D4529998}.Debug|x86.ActiveCfg = Debug|Win32
		{F67D33C8-8AC3-4CA7-A629-1310D4529998}.Debug|x86.Build.0 = Debug|Win32
		{F67D33C8-8AC3-4CA7-A629-1310D4529998}.Release|x64.ActiveCfg = Release|x64
		{F67D33C8-8AC3-4CA7-A629-1310D4529998}.Release|x64.Build.0 = Release|x64
		{F67D33C8-8AC3-4CA7-A629-1310D4529998}.Release|x86.ActiveCfg = Release|Win32
		{F67D33C8-8AC3-4CA7-A629-1310D4529998}.Release|x86.Build.0 = Release|Win32
		{EB0CA8E0-FCFF-4AD1-9332-D479240AF24E}.Debug|x64.ActiveCfg = Debug|x64
		{EB0CA8E0-FCFF-4AD1-9332-D479240AF24E}.Debug|x64.Build.0 = Debug|x64
		{EB0CA8E0-FCFF-4AD1-9332-D479240AF24E}.Debug|x86.ActiveCfg = Debug|Win32
		{EB0CA8E0-FCFF-4AD1-9332-D479240AF24E}.Debug|x86.Build.0 = Debug|Win32
		{EB0CA8E0-FCFF-4AD1-9332-D479240AF24E}.Release|x64.ActiveCfg = Release|x64
		{EB0CA8E0-FCFF-4AD1-9332-D479240AF24E}.Release|x64.Build.0 = Release|x64
		{EB0CA8E0-FCFF-4AD1-9332-D479240AF24E}.Release|x86.ActiveCfg = Release|Win32
		{EB0CA8E0-FCFF-4AD1-9332-D479240AF24E}.Release|x86.Build.0 = Release|Win32
		{46A15E88-5016-42E0-A5C2-5F29C4897F55}.Debug|x64.ActiveCfg = Debug|x64
		{46A15E88-5016-42E0-A5C2-5F29C4897F55}.Debug|x64.Build.0 = Debug|x64
		{46A15E88-5016-42E0-A5C2-5F29C4897F55}.Debug|x86.ActiveCfg = Debug|Win32
		{46A15E88-5016-42E0-A5C2-5F29C4897F55}.Debug|x86.Build.0 = Debug|Win32
		{46A15E88-5016-42E0-A5C2-5F29C4897F55}.Release|x64.ActiveCfg = Release|x64
		{46A15E88-5016-42E0-A5C2-5F29C4897F55}.Release|x64.Build.0 = Release|x64
		{46A15E88-5016-42E0-A5C2-5F29C4897F55}.Release|x86.ActiveCfg = Release|Win32
		{46A15E88-5016-42E0-A5C2-5F29C4897F55}.Release|x86.Build.0 = Release|Win32
		{9B1A365D-E452-46C9-A29D-D0F41DD50AFC}.Debug|x64.ActiveCfg = Debug|x64
		{9B1A365D-E452-46C9-A29D-D0F41DD50AFC}.Debug|x64.Build.0 = Debug|x64
		{9B1A365D-E452-46C9-A29D-D0F41DD50AFC}.Debug|x86.ActiveCfg = Debug|Win32
		{9B1A365D-E452-46C9-A29D-D0F41DD50AFC}.Debug|x86.Build.0 = Debug|Win32
		{9B1A365D-E452-46C9-A29D-D0F41DD50AFC}.Release|x64.ActiveCfg = Release|x64
		{9B1A365D-E452-46C9-A29D-D0F41DD50AFC}.Release|x64.Build.0 = Release|x64
		{9B1A365D-E452-46C9-A29D-D0F41DD50AFC}.Release|x86.ActiveCfg = Release|Win32
		{9B1A365D-E452-46C9-A29D-D0F41DD50AFC}.Release|x86.Build.0 = Release|Win32
		{362F5B87-0DC2-4748-9833-2186ACCBC13F}.Debug|x64.ActiveCfg = Debug|x64
		{362F5B87-0DC2-4748-9833-2186ACCBC13F}.Debug|x64.Build.0 = Debug|x64
		{362F5B87-0DC2-4748-9833-2186ACCBC13F}.Debug|x86.ActiveCfg = Debug|Win32
		{362F5B87-0DC2-4748-9833-2186ACCBC13F}.Debug|x86.Build.0 = Debug|Win32
		{362F5B87-0DC2-4748-9833-2186ACCBC13F}.Release|x64.ActiveCfg = Release|x64
		{362F5B87-0DC2-4748-9833-2186ACCBC13F}.Release|x64.Build.0 = Release|x64
		{362F5B87-0DC2-4748-9833-2186ACCBC13F}.Release|x86.ActiveCfg = Release|Win32
		{362F5B87-0DC2-4748-9833-2186ACCBC13F}.Release|x86.Build.0 = Release|Win32
		{5A08CD47-C455-4C79-BAFD-D836786779AE}.Debug|x64.ActiveCfg = Debug|x64
		{5A08CD47-C455-4C79-BAFD-D836786779AE}.Debug|x64.Build.0 = Debug|x64
		{5A08CD47-C455-4C79-BAFD-D836786779AE}.Debug|x86.ActiveCfg = Debug|Win32
		{5A08CD47-C455-4C79-BAFD-D836786779AE}.Debug|x86.Build.0 = Debug|Win32
		{5A08CD47-C455-4C79-BAFD-D836786779AE}.Release|x64.ActiveCfg = Release|x64
		{5A08CD47-C455-4C79-BAFD-D836786779AE}.Release|x64.Build.0 = Release|x64
		{5A08CD47-C455-4C79-BAFD-D836786779AE}.Release|x86.ActiveCfg = Release|Win32
		{5A08CD47-C455-4C79-BAFD-D836786779AE}.Release|x86.Build.0 = Release|Win32
		{6391F5FC-475B-495C-AAF1-438A9E93F877}.Debug|x64.ActiveCfg = Debug|x64
		{6391F5FC-475B-495C-AAF1-438A9E93F877}.Debug|x64.Build.0 = Debug|x64
		{6391F5FC-475B-495C-AAF1-438A9E93F877}.Debug|x86.ActiveCfg = Debug|Win32
		{6391F5FC-475B-495C-AAF1-438A9E93F877}.Debug|x86.Build.0 = Debug|Win32
		{6391F5FC-475B-495C-AAF1-438A9E93F877}.Release|x64.ActiveCfg = Release|x64
		{6391F5FC-475B-495C-AAF1-438A9E93F877}.Release|x64.Build.0 = Release|x64
		{6391F5FC-475B-495C-AAF1-438A9E93F877}.Release|x86.ActiveCfg = Release|Win32
		{6391F5FC-475B-495C-AAF1-438A9E93F877}.Release|x86.Build.0 = Release|Win32
		{9E58A016-07CF-4872-BCB7-DE1C7DE1B395}.Debug|x64.ActiveCfg = Debug|x64
		{9E58A016-07CF-4872-BCB7-DE1C7DE1B395}.Debug|x64.Build.0 = Debug|x64
		{9E58A016-07CF-4872-BCB7-DE1C7DE1B395}.Debug|x86.ActiveCfg = Debug|Win32
		{9E58A016-07CF-4872-BCB7-DE1C7DE1B395}.Debug|x86.Build.0 = Debug|Win32
		{9E58A016-07CF-4872-BCB7-DE1C7DE1B395}.Release|x64.ActiveCfg = Release|x64
		{9E58A016-07CF-4872-BCB7-DE1C7DE1B395}.Release|x64.Build.0 = Release|x64
		{9E58A016-07CF-4872-BCB7-DE1C7DE1B395}.Release|x86.ActiveCfg = Release|Win32
		{9E58A016-07CF-4872-BCB7-DE1C7DE1B395}.Release|x86.Build.0 = Release|Win32
		{6B7A60DD-427F-4B39-8DB6-AEDDB92A4501}.Debug|x64.ActiveCfg = Debug|x64
		{6B7A60DD-427F-4B39-8DB6-AEDDB92A4501}.Debug|x64.Build.0 = Debug|x64
		{6B7A60DD-427F-4B39-8DB6-AEDDB92A4501}.Debug|x86.ActiveCfg = Debug|Win32
		{6B7A60DD-427F-4B39-8DB6-AEDDB92A4501}.Debug|x86.Build.0 = Debug|Win32
		{6B7A60DD-427F-4B39-8DB6-AEDDB92A4501}.Release|x64.ActiveCfg = Release|x64
		{6B7A60DD-427F-4B39-8DB6-AEDDB92A4501}.Release|x64.Build.0 = Release|x64
		{6B7A60DD-427F-4B39-8DB6-AEDDB92A4501}.Release|x86.ActiveCfg = Release|Win32
		{6B7A60DD-427F-4B39-8DB6-AEDDB92A4501}.Release|x86.Build.0 = Release|Win32
		{1B8237B9-E047-4608-A144-18C34D609CD6}.Debug|x64.ActiveCfg = Debug|x64
		{1B8237B9-E047-4608-A144-18C34D609CD6}.Debug|x64.Build.0 = Debug|x64
		{1B8237B9-E047-4608-A144-18C34D609CD6}.Debug|x86.ActiveCfg = Debug|Win32
		{1B8237B9-E047-4608-A144-18C34D609CD6}.Debug|x86.Build.0 = Debug|Win32
		{1B8237B9-E047-4608-A144-18C34D609CD6}.Release|x64.ActiveCfg = Release|x64
		{1B8237B9-E047-4608-A144-18C34D609CD6}.Release|x64.Build.0 = Release|x64
		{1B8237B9-E047-4608-A144-18C34D609CD6}.Release|x86.ActiveCfg = Release|Win32
		{1B8237B9-E047-4608-A144-18C34D609CD6}.Release|x86.Build.0 = Release|Win32
	EndGlobalSection
	GlobalSection(SolutionProperties) = preSolution
		HideSolutionNode = FALSE
	EndGlobalSection
	GlobalSection(ExtensibilityGlobals) = postSolution
		SolutionGuid = {EC5D95EC-961B-4BE8-B5C6-430C6EABD0B8}
	EndGlobalSection
EndGlobal
