
Microsoft Visual Studio Solution File, Format Version 12.00
# Visual Studio Version 17
VisualStudioVersion = 17.3.32825.248
MinimumVisualStudioVersion = 10.0.40219.1
Project("{8BC9CEB8-8B4A-11D0-8D11-00A0C91BC942}") = "Motor", "Projects\Motor\Motor.vcxproj", "{32D20654-5369-407B-B247-D36F1F6FB8EE}"
EndProject
Project("{8BC9CEB8-8B4A-11D0-8D11-00A0C91BC942}") = "Biblioteca", "Projects\Biblioteca\Biblioteca.vcxproj", "{2001FAB5-F161-4889-94FD-42C6CC3E0C98}"
EndProject
Project("{8BC9CEB8-8B4A-11D0-8D11-00A0C91BC942}") = "ECS", "ECS\ECS.vcxproj", "{28C4A9C8-B34E-4FDD-96E2-13DF8109AB30}"
EndProject
Global
	GlobalSection(SolutionConfigurationPlatforms) = preSolution
		Debug|x64 = Debug|x64
		Debug|x86 = Debug|x86
		Release|x64 = Release|x64
		Release|x86 = Release|x86
	EndGlobalSection
	GlobalSection(ProjectConfigurationPlatforms) = postSolution
		{32D20654-5369-407B-B247-D36F1F6FB8EE}.Debug|x64.ActiveCfg = Debug|x64
		{32D20654-5369-407B-B247-D36F1F6FB8EE}.Debug|x64.Build.0 = Debug|x64
		{32D20654-5369-407B-B247-D36F1F6FB8EE}.Debug|x86.ActiveCfg = Debug|Win32
		{32D20654-5369-407B-B247-D36F1F6FB8EE}.Debug|x86.Build.0 = Debug|Win32
		{32D20654-5369-407B-B247-D36F1F6FB8EE}.Release|x64.ActiveCfg = Release|x64
		{32D20654-5369-407B-B247-D36F1F6FB8EE}.Release|x64.Build.0 = Release|x64
		{32D20654-5369-407B-B247-D36F1F6FB8EE}.Release|x86.ActiveCfg = Release|Win32
		{32D20654-5369-407B-B247-D36F1F6FB8EE}.Release|x86.Build.0 = Release|Win32
		{2001FAB5-F161-4889-94FD-42C6CC3E0C98}.Debug|x64.ActiveCfg = Debug|x64
		{2001FAB5-F161-4889-94FD-42C6CC3E0C98}.Debug|x64.Build.0 = Debug|x64
		{2001FAB5-F161-4889-94FD-42C6CC3E0C98}.Debug|x86.ActiveCfg = Debug|Win32
		{2001FAB5-F161-4889-94FD-42C6CC3E0C98}.Debug|x86.Build.0 = Debug|Win32
		{2001FAB5-F161-4889-94FD-42C6CC3E0C98}.Release|x64.ActiveCfg = Release|x64
		{2001FAB5-F161-4889-94FD-42C6CC3E0C98}.Release|x64.Build.0 = Release|x64
		{2001FAB5-F161-4889-94FD-42C6CC3E0C98}.Release|x86.ActiveCfg = Release|Win32
		{2001FAB5-F161-4889-94FD-42C6CC3E0C98}.Release|x86.Build.0 = Release|Win32
		{28C4A9C8-B34E-4FDD-96E2-13DF8109AB30}.Debug|x64.ActiveCfg = Debug|x64
		{28C4A9C8-B34E-4FDD-96E2-13DF8109AB30}.Debug|x64.Build.0 = Debug|x64
		{28C4A9C8-B34E-4FDD-96E2-13DF8109AB30}.Debug|x86.ActiveCfg = Debug|Win32
		{28C4A9C8-B34E-4FDD-96E2-13DF8109AB30}.Debug|x86.Build.0 = Debug|Win32
		{28C4A9C8-B34E-4FDD-96E2-13DF8109AB30}.Release|x64.ActiveCfg = Release|x64
		{28C4A9C8-B34E-4FDD-96E2-13DF8109AB30}.Release|x64.Build.0 = Release|x64
		{28C4A9C8-B34E-4FDD-96E2-13DF8109AB30}.Release|x86.ActiveCfg = Release|Win32
		{28C4A9C8-B34E-4FDD-96E2-13DF8109AB30}.Release|x86.Build.0 = Release|Win32
	EndGlobalSection
	GlobalSection(SolutionProperties) = preSolution
		HideSolutionNode = FALSE
	EndGlobalSection
	GlobalSection(ExtensibilityGlobals) = postSolution
		SolutionGuid = {EC5D95EC-961B-4BE8-B5C6-430C6EABD0B8}
	EndGlobalSection
EndGlobal
