<?xml version="1.0" encoding="utf-8"?>
<Project ToolsVersion="4.0" xmlns="http://schemas.microsoft.com/developer/msbuild/2003">
  <ItemGroup>
    <Filter Include="Archivos de origen">
      <UniqueIdentifier>{4FC737F1-C7A5-4376-A066-2A32D752A2FF}</UniqueIdentifier>
      <Extensions>cpp;c;cc;cxx;c++;cppm;ixx;def;odl;idl;hpj;bat;asm;asmx</Extensions>
    </Filter>
    <Filter Include="Archivos de encabezado">
      <UniqueIdentifier>{93995380-89BD-4b04-88EB-625FBE52EBFB}</UniqueIdentifier>
      <Extensions>h;hh;hpp;hxx;h++;hm;inl;inc;ipp;xsd</Extensions>
    </Filter>
    <Filter Include="Archivos de recursos">
      <UniqueIdentifier>{67DA6AB6-F800-4c08-8B7A-83BB121AAD01}</UniqueIdentifier>
      <Extensions>rc;ico;cur;bmp;dlg;rc2;rct;bin;rgs;gif;jpg;jpeg;jpe;resx;tiff;tif;png;wav;mfcribbon-ms</Extensions>
    </Filter>
    <Filter Include="Archivos de encabezado\Components">
      <UniqueIdentifier>{e51b66f4-42d1-4a5e-bc8d-64539d34c3a9}</UniqueIdentifier>
    </Filter>
    <Filter Include="Archivos de encabezado\Scene">
      <UniqueIdentifier>{0df909af-e924-4828-ac9c-6989826a4c5e}</UniqueIdentifier>
    </Filter>
    <Filter Include="Archivos de origen\Components">
      <UniqueIdentifier>{4626c72d-40b9-45ba-94c5-40d3bed55f42}</UniqueIdentifier>
    </Filter>
    <Filter Include="Archivos de origen\Scene">
      <UniqueIdentifier>{6fa4a694-fe24-476c-8830-e80a5d9219f3}</UniqueIdentifier>
    </Filter>
    <Filter Include="Archivos de encabezado\Factories">
      <UniqueIdentifier>{6b1d8be7-634c-495a-910d-b318dd3e1f0c}</UniqueIdentifier>
    </Filter>
    <Filter Include="Archivos de origen\Factories">
      <UniqueIdentifier>{14688cd9-4072-4904-8c79-191085b49c61}</UniqueIdentifier>
    </Filter>
    <Filter Include="Archivos de encabezado\json">
      <UniqueIdentifier>{cf8e478a-a4df-48d8-86de-13bffc666221}</UniqueIdentifier>
    </Filter>
    <Filter Include="Archivos de origen\json">
      <UniqueIdentifier>{1a49415e-fae8-466b-a4d8-cd4d704c333e}</UniqueIdentifier>
    </Filter>
    <Filter Include="Archivos de encabezado\MapReader">
      <UniqueIdentifier>{9638dc3b-f0ac-49b3-9336-74d16c7d7f87}</UniqueIdentifier>
    </Filter>
    <Filter Include="Archivos de origen\MapReader">
      <UniqueIdentifier>{12062c6b-dd9a-4b3f-bb21-96c8309abda3}</UniqueIdentifier>
    </Filter>
  </ItemGroup>
  <ItemGroup>
    <ClCompile Include="..\..\Src\FlamingoBase\SceneManager.cpp">
      <Filter>Archivos de origen\Scene</Filter>
    </ClCompile>
    <ClCompile Include="..\..\Src\FlamingoBase\Scene.cpp">
      <Filter>Archivos de origen\Scene</Filter>
    </ClCompile>
    <ClCompile Include="..\..\Src\FlamingoBase\Transform.cpp">
      <Filter>Archivos de origen\Components</Filter>
    </ClCompile>
    <ClCompile Include="..\..\Src\FlamingoBase\ComponentsFactory.cpp">
      <Filter>Archivos de origen\Factories</Filter>
    </ClCompile>
    <ClCompile Include="..\..\Src\FlamingoBase\Factory.cpp">
      <Filter>Archivos de origen\Factories</Filter>
    </ClCompile>
    <ClCompile Include="..\..\Src\FlamingoBase\PlayerControllerFactory.cpp">
      <Filter>Archivos de origen\Factories</Filter>
    </ClCompile>
    <ClCompile Include="..\..\Src\FlamingoBase\JSON.cpp">
      <Filter>Archivos de origen\json</Filter>
    </ClCompile>
    <ClCompile Include="..\..\Src\FlamingoBase\JSONValue.cpp">
      <Filter>Archivos de origen\json</Filter>
    </ClCompile>
    <ClCompile Include="..\..\Src\FlamingoBase\MapReader.cpp">
      <Filter>Archivos de origen\MapReader</Filter>
    </ClCompile>
    <ClCompile Include="..\..\Src\FlamingoBase\LightFactory.cpp">
      <Filter>Archivos de origen\Factories</Filter>
    </ClCompile>
    <ClCompile Include="..\..\Src\FlamingoBase\RigidBodyFactory.cpp">
      <Filter>Archivos de origen\Factories</Filter>
    </ClCompile>
    <ClCompile Include="..\..\Src\FlamingoBase\MeshRendererFactory.cpp">
      <Filter>Archivos de origen\Factories</Filter>
    </ClCompile>
  </ItemGroup>
  <ItemGroup>
    <ClInclude Include="..\..\Src\FlamingoBase\SceneManager.h">
      <Filter>Archivos de encabezado\Scene</Filter>
    </ClInclude>
    <ClInclude Include="..\..\Src\FlamingoBase\Scene.h">
      <Filter>Archivos de encabezado\Scene</Filter>
    </ClInclude>
    <ClInclude Include="..\..\Src\FlamingoBase\Transform.h">
      <Filter>Archivos de encabezado\Components</Filter>
    </ClInclude>
    <ClInclude Include="..\..\Src\FlamingoBase\ComponentsFactory.h">
      <Filter>Archivos de encabezado\Factories</Filter>
    </ClInclude>
    <ClInclude Include="..\..\Src\FlamingoBase\Factory.h">
      <Filter>Archivos de encabezado\Factories</Filter>
    </ClInclude>
    <ClInclude Include="..\..\Src\FlamingoBase\PlayerControllerFactory.h">
      <Filter>Archivos de encabezado\Factories</Filter>
    </ClInclude>
    <ClInclude Include="..\..\Src\FlamingoBase\JSON.h">
      <Filter>Archivos de encabezado\json</Filter>
    </ClInclude>
    <ClInclude Include="..\..\Src\FlamingoBase\JSONValue.h">
      <Filter>Archivos de encabezado\json</Filter>
    </ClInclude>
    <ClInclude Include="..\..\Src\FlamingoBase\MapReader.h">
      <Filter>Archivos de encabezado\MapReader</Filter>
    </ClInclude>
    <ClInclude Include="..\..\Src\FlamingoBase\LightFactory.h">
      <Filter>Archivos de encabezado\Factories</Filter>
    </ClInclude>
    <ClInclude Include="..\..\Src\FlamingoBase\RigidBodyFactory.h">
      <Filter>Archivos de encabezado\Factories</Filter>
    </ClInclude>
    <ClInclude Include="..\..\Src\FlamingoBase\MeshRendererFactory.h">
      <Filter>Archivos de encabezado\Factories</Filter>
    </ClInclude>
  </ItemGroup>
</Project>