
Microsoft Visual Studio Solution File, Format Version 11.00
# Visual Studio Version 16
Project("{8BC9CEB8-8B4A-11D0-8D11-00A0C91BC942}") = "3d", "3d.vcxproj", "{8F4EA80F-530B-406A-AF51-795337E4EC0A}"
EndProject
Project("{8BC9CEB8-8B4A-11D0-8D11-00A0C91BC942}") = "asyncio", "asyncio.vcxproj", "{9E2E5D74-3880-4365-A880-395DFD3C3661}"
EndProject
Project("{8BC9CEB8-8B4A-11D0-8D11-00A0C91BC942}") = "channel_groups", "channel_groups.vcxproj", "{B3193BD9-A3C7-4409-A522-F23C8E6A5CBE}"
EndProject
Project("{8BC9CEB8-8B4A-11D0-8D11-00A0C91BC942}") = "convolution_reverb", "convolution_reverb.vcxproj", "{6E170778-18C8-40D0-8131-1BD652B78812}"
EndProject
Project("{8BC9CEB8-8B4A-11D0-8D11-00A0C91BC942}") = "dsp_custom", "dsp_custom.vcxproj", "{ED12C11B-C98A-4112-8570-ECF78F2914B7}"
EndProject
Project("{8BC9CEB8-8B4A-11D0-8D11-00A0C91BC942}") = "dsp_effect_per_speaker", "dsp_effect_per_speaker.vcxproj", "{627A66D7-39BB-419E-B30D-A587E6505877}"
EndProject
Project("{8BC9CEB8-8B4A-11D0-8D11-00A0C91BC942}") = "dsp_inspector", "dsp_inspector.vcxproj", "{F01F9525-40B9-4D2C-8898-A85AAC14458A}"
EndProject
Project("{8BC9CEB8-8B4A-11D0-8D11-00A0C91BC942}") = "effects", "effects.vcxproj", "{D6334603-83C9-4F87-AA47-E2EE37A199C6}"
EndProject
Project("{8BC9CEB8-8B4A-11D0-8D11-00A0C91BC942}") = "gapless_playback", "gapless_playback.vcxproj", "{09C02420-FD5F-4F36-AAF0-EE866E6124D1}"
EndProject
Project("{8BC9CEB8-8B4A-11D0-8D11-00A0C91BC942}") = "generate_tone", "generate_tone.vcxproj", "{98BD1CE3-5CF8-4178-84EC-6548A86274EA}"
EndProject
Project("{8BC9CEB8-8B4A-11D0-8D11-00A0C91BC942}") = "granular_synth", "granular_synth.vcxproj", "{9B789A77-CE22-49D8-989B-557EAC158536}"
EndProject
Project("{8BC9CEB8-8B4A-11D0-8D11-00A0C91BC942}") = "load_from_memory", "load_from_memory.vcxproj", "{333B2BD4-DF1D-4D8C-9CA5-E265C17F136B}"
EndProject
Project("{8BC9CEB8-8B4A-11D0-8D11-00A0C91BC942}") = "multiple_speaker", "multiple_speaker.vcxproj", "{47EC8363-28CE-40A4-B000-5FD50CCD4A41}"
EndProject
Project("{8BC9CEB8-8B4A-11D0-8D11-00A0C91BC942}") = "multiple_system", "multiple_system.vcxproj", "{44E6B51A-698B-4101-9C83-A3F7CDBD566A}"
EndProject
Project("{8BC9CEB8-8B4A-11D0-8D11-00A0C91BC942}") = "net_stream", "net_stream.vcxproj", "{02CAC2B3-356A-487B-99A6-E96E195852E8}"
EndProject
Project("{8BC9CEB8-8B4A-11D0-8D11-00A0C91BC942}") = "play_sound", "play_sound.vcxproj", "{8CE1910A-F8D5-4ACE-912F-31149BEEFFE0}"
EndProject
Project("{8BC9CEB8-8B4A-11D0-8D11-00A0C91BC942}") = "play_stream", "play_stream.vcxproj", "{745FA042-6E16-4F1B-8131-33686DCB8E9A}"
EndProject
Project("{8BC9CEB8-8B4A-11D0-8D11-00A0C91BC942}") = "record", "record.vcxproj", "{98CDF305-27CE-4D7A-B994-CF43B5F04FB6}"
EndProject
Project("{8BC9CEB8-8B4A-11D0-8D11-00A0C91BC942}") = "record_enumeration", "record_enumeration.vcxproj", "{C5599C54-63BA-497B-89D7-02688E6DF698}"
EndProject
Project("{8BC9CEB8-8B4A-11D0-8D11-00A0C91BC942}") = "user_created_sound", "user_created_sound.vcxproj", "{0718C3C6-2B89-4482-BCDB-93EA273C5767}"
EndProject
Project("{8BC9CEB8-8B4A-11D0-8D11-00A0C91BC942}") = "fmod_codec_raw", "fmod_codec_raw.vcxproj", "{DEA58FFA-99D7-419E-B354-8F0FE706EF37}"
EndProject
Project("{8BC9CEB8-8B4A-11D0-8D11-00A0C91BC942}") = "fmod_distance_filter", "fmod_distance_filter.vcxproj", "{0704F5B0-CDAA-454A-A291-DF7DA5AD90D8}"
EndProject
Project("{8BC9CEB8-8B4A-11D0-8D11-00A0C91BC942}") = "fmod_gain", "fmod_gain.vcxproj", "{D48EB8DB-CF70-4180-B65F-90C997539236}"
EndProject
Project("{8BC9CEB8-8B4A-11D0-8D11-00A0C91BC942}") = "fmod_noise", "fmod_noise.vcxproj", "{314C748E-BC2A-4E2E-98FC-E1B19D8E0FD4}"
EndProject
Project("{8BC9CEB8-8B4A-11D0-8D11-00A0C91BC942}") = "output_mp3", "output_mp3.vcxproj", "{756F441D-F8CF-46C5-BE31-A1ED07A8E2E5}"
EndProject
Global
	GlobalSection(SolutionConfigurationPlatforms) = preSolution
		Debug|Win32 = Debug|Win32
		Debug|x64 = Debug|x64
		Release|Win32 = Release|Win32
		Release|x64 = Release|x64
	EndGlobalSection
	GlobalSection(ProjectConfigurationPlatforms) = postSolution
		{8F4EA80F-530B-406A-AF51-795337E4EC0A}.Debug|Win32.ActiveCfg = Debug|Win32
		{8F4EA80F-530B-406A-AF51-795337E4EC0A}.Debug|Win32.Build.0 = Debug|Win32
		{8F4EA80F-530B-406A-AF51-795337E4EC0A}.Debug|Win32.Deploy.0 = Debug|Win32
		{8F4EA80F-530B-406A-AF51-795337E4EC0A}.Debug|x64.ActiveCfg = Debug|x64
		{8F4EA80F-530B-406A-AF51-795337E4EC0A}.Debug|x64.Build.0 = Debug|x64
		{8F4EA80F-530B-406A-AF51-795337E4EC0A}.Debug|x64.Deploy.0 = Debug|x64
		{8F4EA80F-530B-406A-AF51-795337E4EC0A}.Release|Win32.ActiveCfg = Release|Win32
		{8F4EA80F-530B-406A-AF51-795337E4EC0A}.Release|Win32.Build.0 = Release|Win32
		{8F4EA80F-530B-406A-AF51-795337E4EC0A}.Release|Win32.Deploy.0 = Release|Win32
		{8F4EA80F-530B-406A-AF51-795337E4EC0A}.Release|x64.ActiveCfg = Release|x64
		{8F4EA80F-530B-406A-AF51-795337E4EC0A}.Release|x64.Build.0 = Release|x64
		{8F4EA80F-530B-406A-AF51-795337E4EC0A}.Release|x64.Deploy.0 = Release|x64
		{9E2E5D74-3880-4365-A880-395DFD3C3661}.Debug|Win32.ActiveCfg = Debug|Win32
		{9E2E5D74-3880-4365-A880-395DFD3C3661}.Debug|Win32.Build.0 = Debug|Win32
		{9E2E5D74-3880-4365-A880-395DFD3C3661}.Debug|Win32.Deploy.0 = Debug|Win32
		{9E2E5D74-3880-4365-A880-395DFD3C3661}.Debug|x64.ActiveCfg = Debug|x64
		{9E2E5D74-3880-4365-A880-395DFD3C3661}.Debug|x64.Build.0 = Debug|x64
		{9E2E5D74-3880-4365-A880-395DFD3C3661}.Debug|x64.Deploy.0 = Debug|x64
		{9E2E5D74-3880-4365-A880-395DFD3C3661}.Release|Win32.ActiveCfg = Release|Win32
		{9E2E5D74-3880-4365-A880-395DFD3C3661}.Release|Win32.Build.0 = Release|Win32
		{9E2E5D74-3880-4365-A880-395DFD3C3661}.Release|Win32.Deploy.0 = Release|Win32
		{9E2E5D74-3880-4365-A880-395DFD3C3661}.Release|x64.ActiveCfg = Release|x64
		{9E2E5D74-3880-4365-A880-395DFD3C3661}.Release|x64.Build.0 = Release|x64
		{9E2E5D74-3880-4365-A880-395DFD3C3661}.Release|x64.Deploy.0 = Release|x64
		{B3193BD9-A3C7-4409-A522-F23C8E6A5CBE}.Debug|Win32.ActiveCfg = Debug|Win32
		{B3193BD9-A3C7-4409-A522-F23C8E6A5CBE}.Debug|Win32.Build.0 = Debug|Win32
		{B3193BD9-A3C7-4409-A522-F23C8E6A5CBE}.Debug|Win32.Deploy.0 = Debug|Win32
		{B3193BD9-A3C7-4409-A522-F23C8E6A5CBE}.Debug|x64.ActiveCfg = Debug|x64
		{B3193BD9-A3C7-4409-A522-F23C8E6A5CBE}.Debug|x64.Build.0 = Debug|x64
		{B3193BD9-A3C7-4409-A522-F23C8E6A5CBE}.Debug|x64.Deploy.0 = Debug|x64
		{B3193BD9-A3C7-4409-A522-F23C8E6A5CBE}.Release|Win32.ActiveCfg = Release|Win32
		{B3193BD9-A3C7-4409-A522-F23C8E6A5CBE}.Release|Win32.Build.0 = Release|Win32
		{B3193BD9-A3C7-4409-A522-F23C8E6A5CBE}.Release|Win32.Deploy.0 = Release|Win32
		{B3193BD9-A3C7-4409-A522-F23C8E6A5CBE}.Release|x64.ActiveCfg = Release|x64
		{B3193BD9-A3C7-4409-A522-F23C8E6A5CBE}.Release|x64.Build.0 = Release|x64
		{B3193BD9-A3C7-4409-A522-F23C8E6A5CBE}.Release|x64.Deploy.0 = Release|x64
		{6E170778-18C8-40D0-8131-1BD652B78812}.Debug|Win32.ActiveCfg = Debug|Win32
		{6E170778-18C8-40D0-8131-1BD652B78812}.Debug|Win32.Build.0 = Debug|Win32
		{6E170778-18C8-40D0-8131-1BD652B78812}.Debug|Win32.Deploy.0 = Debug|Win32
		{6E170778-18C8-40D0-8131-1BD652B78812}.Debug|x64.ActiveCfg = Debug|x64
		{6E170778-18C8-40D0-8131-1BD652B78812}.Debug|x64.Build.0 = Debug|x64
		{6E170778-18C8-40D0-8131-1BD652B78812}.Debug|x64.Deploy.0 = Debug|x64
		{6E170778-18C8-40D0-8131-1BD652B78812}.Release|Win32.ActiveCfg = Release|Win32
		{6E170778-18C8-40D0-8131-1BD652B78812}.Release|Win32.Build.0 = Release|Win32
		{6E170778-18C8-40D0-8131-1BD652B78812}.Release|Win32.Deploy.0 = Release|Win32
		{6E170778-18C8-40D0-8131-1BD652B78812}.Release|x64.ActiveCfg = Release|x64
		{6E170778-18C8-40D0-8131-1BD652B78812}.Release|x64.Build.0 = Release|x64
		{6E170778-18C8-40D0-8131-1BD652B78812}.Release|x64.Deploy.0 = Release|x64
		{ED12C11B-C98A-4112-8570-ECF78F2914B7}.Debug|Win32.ActiveCfg = Debug|Win32
		{ED12C11B-C98A-4112-8570-ECF78F2914B7}.Debug|Win32.Build.0 = Debug|Win32
		{ED12C11B-C98A-4112-8570-ECF78F2914B7}.Debug|Win32.Deploy.0 = Debug|Win32
		{ED12C11B-C98A-4112-8570-ECF78F2914B7}.Debug|x64.ActiveCfg = Debug|x64
		{ED12C11B-C98A-4112-8570-ECF78F2914B7}.Debug|x64.Build.0 = Debug|x64
		{ED12C11B-C98A-4112-8570-ECF78F2914B7}.Debug|x64.Deploy.0 = Debug|x64
		{ED12C11B-C98A-4112-8570-ECF78F2914B7}.Release|Win32.ActiveCfg = Release|Win32
		{ED12C11B-C98A-4112-8570-ECF78F2914B7}.Release|Win32.Build.0 = Release|Win32
		{ED12C11B-C98A-4112-8570-ECF78F2914B7}.Release|Win32.Deploy.0 = Release|Win32
		{ED12C11B-C98A-4112-8570-ECF78F2914B7}.Release|x64.ActiveCfg = Release|x64
		{ED12C11B-C98A-4112-8570-ECF78F2914B7}.Release|x64.Build.0 = Release|x64
		{ED12C11B-C98A-4112-8570-ECF78F2914B7}.Release|x64.Deploy.0 = Release|x64
		{627A66D7-39BB-419E-B30D-A587E6505877}.Debug|Win32.ActiveCfg = Debug|Win32
		{627A66D7-39BB-419E-B30D-A587E6505877}.Debug|Win32.Build.0 = Debug|Win32
		{627A66D7-39BB-419E-B30D-A587E6505877}.Debug|Win32.Deploy.0 = Debug|Win32
		{627A66D7-39BB-419E-B30D-A587E6505877}.Debug|x64.ActiveCfg = Debug|x64
		{627A66D7-39BB-419E-B30D-A587E6505877}.Debug|x64.Build.0 = Debug|x64
		{627A66D7-39BB-419E-B30D-A587E6505877}.Debug|x64.Deploy.0 = Debug|x64
		{627A66D7-39BB-419E-B30D-A587E6505877}.Release|Win32.ActiveCfg = Release|Win32
		{627A66D7-39BB-419E-B30D-A587E6505877}.Release|Win32.Build.0 = Release|Win32
		{627A66D7-39BB-419E-B30D-A587E6505877}.Release|Win32.Deploy.0 = Release|Win32
		{627A66D7-39BB-419E-B30D-A587E6505877}.Release|x64.ActiveCfg = Release|x64
		{627A66D7-39BB-419E-B30D-A587E6505877}.Release|x64.Build.0 = Release|x64
		{627A66D7-39BB-419E-B30D-A587E6505877}.Release|x64.Deploy.0 = Release|x64
		{F01F9525-40B9-4D2C-8898-A85AAC14458A}.Debug|Win32.ActiveCfg = Debug|Win32
		{F01F9525-40B9-4D2C-8898-A85AAC14458A}.Debug|Win32.Build.0 = Debug|Win32
		{F01F9525-40B9-4D2C-8898-A85AAC14458A}.Debug|Win32.Deploy.0 = Debug|Win32
		{F01F9525-40B9-4D2C-8898-A85AAC14458A}.Debug|x64.ActiveCfg = Debug|x64
		{F01F9525-40B9-4D2C-8898-A85AAC14458A}.Debug|x64.Build.0 = Debug|x64
		{F01F9525-40B9-4D2C-8898-A85AAC14458A}.Debug|x64.Deploy.0 = Debug|x64
		{F01F9525-40B9-4D2C-8898-A85AAC14458A}.Release|Win32.ActiveCfg = Release|Win32
		{F01F9525-40B9-4D2C-8898-A85AAC14458A}.Release|Win32.Build.0 = Release|Win32
		{F01F9525-40B9-4D2C-8898-A85AAC14458A}.Release|Win32.Deploy.0 = Release|Win32
		{F01F9525-40B9-4D2C-8898-A85AAC14458A}.Release|x64.ActiveCfg = Release|x64
		{F01F9525-40B9-4D2C-8898-A85AAC14458A}.Release|x64.Build.0 = Release|x64
		{F01F9525-40B9-4D2C-8898-A85AAC14458A}.Release|x64.Deploy.0 = Release|x64
		{D6334603-83C9-4F87-AA47-E2EE37A199C6}.Debug|Win32.ActiveCfg = Debug|Win32
		{D6334603-83C9-4F87-AA47-E2EE37A199C6}.Debug|Win32.Build.0 = Debug|Win32
		{D6334603-83C9-4F87-AA47-E2EE37A199C6}.Debug|Win32.Deploy.0 = Debug|Win32
		{D6334603-83C9-4F87-AA47-E2EE37A199C6}.Debug|x64.ActiveCfg = Debug|x64
		{D6334603-83C9-4F87-AA47-E2EE37A199C6}.Debug|x64.Build.0 = Debug|x64
		{D6334603-83C9-4F87-AA47-E2EE37A199C6}.Debug|x64.Deploy.0 = Debug|x64
		{D6334603-83C9-4F87-AA47-E2EE37A199C6}.Release|Win32.ActiveCfg = Release|Win32
		{D6334603-83C9-4F87-AA47-E2EE37A199C6}.Release|Win32.Build.0 = Release|Win32
		{D6334603-83C9-4F87-AA47-E2EE37A199C6}.Release|Win32.Deploy.0 = Release|Win32
		{D6334603-83C9-4F87-AA47-E2EE37A199C6}.Release|x64.ActiveCfg = Release|x64
		{D6334603-83C9-4F87-AA47-E2EE37A199C6}.Release|x64.Build.0 = Release|x64
		{D6334603-83C9-4F87-AA47-E2EE37A199C6}.Release|x64.Deploy.0 = Release|x64
		{09C02420-FD5F-4F36-AAF0-EE866E6124D1}.Debug|Win32.ActiveCfg = Debug|Win32
		{09C02420-FD5F-4F36-AAF0-EE866E6124D1}.Debug|Win32.Build.0 = Debug|Win32
		{09C02420-FD5F-4F36-AAF0-EE866E6124D1}.Debug|Win32.Deploy.0 = Debug|Win32
		{09C02420-FD5F-4F36-AAF0-EE866E6124D1}.Debug|x64.ActiveCfg = Debug|x64
		{09C02420-FD5F-4F36-AAF0-EE866E6124D1}.Debug|x64.Build.0 = Debug|x64
		{09C02420-FD5F-4F36-AAF0-EE866E6124D1}.Debug|x64.Deploy.0 = Debug|x64
		{09C02420-FD5F-4F36-AAF0-EE866E6124D1}.Release|Win32.ActiveCfg = Release|Win32
		{09C02420-FD5F-4F36-AAF0-EE866E6124D1}.Release|Win32.Build.0 = Release|Win32
		{09C02420-FD5F-4F36-AAF0-EE866E6124D1}.Release|Win32.Deploy.0 = Release|Win32
		{09C02420-FD5F-4F36-AAF0-EE866E6124D1}.Release|x64.ActiveCfg = Release|x64
		{09C02420-FD5F-4F36-AAF0-EE866E6124D1}.Release|x64.Build.0 = Release|x64
		{09C02420-FD5F-4F36-AAF0-EE866E6124D1}.Release|x64.Deploy.0 = Release|x64
		{98BD1CE3-5CF8-4178-84EC-6548A86274EA}.Debug|Win32.ActiveCfg = Debug|Win32
		{98BD1CE3-5CF8-4178-84EC-6548A86274EA}.Debug|Win32.Build.0 = Debug|Win32
		{98BD1CE3-5CF8-4178-84EC-6548A86274EA}.Debug|Win32.Deploy.0 = Debug|Win32
		{98BD1CE3-5CF8-4178-84EC-6548A86274EA}.Debug|x64.ActiveCfg = Debug|x64
		{98BD1CE3-5CF8-4178-84EC-6548A86274EA}.Debug|x64.Build.0 = Debug|x64
		{98BD1CE3-5CF8-4178-84EC-6548A86274EA}.Debug|x64.Deploy.0 = Debug|x64
		{98BD1CE3-5CF8-4178-84EC-6548A86274EA}.Release|Win32.ActiveCfg = Release|Win32
		{98BD1CE3-5CF8-4178-84EC-6548A86274EA}.Release|Win32.Build.0 = Release|Win32
		{98BD1CE3-5CF8-4178-84EC-6548A86274EA}.Release|Win32.Deploy.0 = Release|Win32
		{98BD1CE3-5CF8-4178-84EC-6548A86274EA}.Release|x64.ActiveCfg = Release|x64
		{98BD1CE3-5CF8-4178-84EC-6548A86274EA}.Release|x64.Build.0 = Release|x64
		{98BD1CE3-5CF8-4178-84EC-6548A86274EA}.Release|x64.Deploy.0 = Release|x64
		{9B789A77-CE22-49D8-989B-557EAC158536}.Debug|Win32.ActiveCfg = Debug|Win32
		{9B789A77-CE22-49D8-989B-557EAC158536}.Debug|Win32.Build.0 = Debug|Win32
		{9B789A77-CE22-49D8-989B-557EAC158536}.Debug|Win32.Deploy.0 = Debug|Win32
		{9B789A77-CE22-49D8-989B-557EAC158536}.Debug|x64.ActiveCfg = Debug|x64
		{9B789A77-CE22-49D8-989B-557EAC158536}.Debug|x64.Build.0 = Debug|x64
		{9B789A77-CE22-49D8-989B-557EAC158536}.Debug|x64.Deploy.0 = Debug|x64
		{9B789A77-CE22-49D8-989B-557EAC158536}.Release|Win32.ActiveCfg = Release|Win32
		{9B789A77-CE22-49D8-989B-557EAC158536}.Release|Win32.Build.0 = Release|Win32
		{9B789A77-CE22-49D8-989B-557EAC158536}.Release|Win32.Deploy.0 = Release|Win32
		{9B789A77-CE22-49D8-989B-557EAC158536}.Release|x64.ActiveCfg = Release|x64
		{9B789A77-CE22-49D8-989B-557EAC158536}.Release|x64.Build.0 = Release|x64
		{9B789A77-CE22-49D8-989B-557EAC158536}.Release|x64.Deploy.0 = Release|x64
		{333B2BD4-DF1D-4D8C-9CA5-E265C17F136B}.Debug|Win32.ActiveCfg = Debug|Win32
		{333B2BD4-DF1D-4D8C-9CA5-E265C17F136B}.Debug|Win32.Build.0 = Debug|Win32
		{333B2BD4-DF1D-4D8C-9CA5-E265C17F136B}.Debug|Win32.Deploy.0 = Debug|Win32
		{333B2BD4-DF1D-4D8C-9CA5-E265C17F136B}.Debug|x64.ActiveCfg = Debug|x64
		{333B2BD4-DF1D-4D8C-9CA5-E265C17F136B}.Debug|x64.Build.0 = Debug|x64
		{333B2BD4-DF1D-4D8C-9CA5-E265C17F136B}.Debug|x64.Deploy.0 = Debug|x64
		{333B2BD4-DF1D-4D8C-9CA5-E265C17F136B}.Release|Win32.ActiveCfg = Release|Win32
		{333B2BD4-DF1D-4D8C-9CA5-E265C17F136B}.Release|Win32.Build.0 = Release|Win32
		{333B2BD4-DF1D-4D8C-9CA5-E265C17F136B}.Release|Win32.Deploy.0 = Release|Win32
		{333B2BD4-DF1D-4D8C-9CA5-E265C17F136B}.Release|x64.ActiveCfg = Release|x64
		{333B2BD4-DF1D-4D8C-9CA5-E265C17F136B}.Release|x64.Build.0 = Release|x64
		{333B2BD4-DF1D-4D8C-9CA5-E265C17F136B}.Release|x64.Deploy.0 = Release|x64
		{47EC8363-28CE-40A4-B000-5FD50CCD4A41}.Debug|Win32.ActiveCfg = Debug|Win32
		{47EC8363-28CE-40A4-B000-5FD50CCD4A41}.Debug|Win32.Build.0 = Debug|Win32
		{47EC8363-28CE-40A4-B000-5FD50CCD4A41}.Debug|Win32.Deploy.0 = Debug|Win32
		{47EC8363-28CE-40A4-B000-5FD50CCD4A41}.Debug|x64.ActiveCfg = Debug|x64
		{47EC8363-28CE-40A4-B000-5FD50CCD4A41}.Debug|x64.Build.0 = Debug|x64
		{47EC8363-28CE-40A4-B000-5FD50CCD4A41}.Debug|x64.Deploy.0 = Debug|x64
		{47EC8363-28CE-40A4-B000-5FD50CCD4A41}.Release|Win32.ActiveCfg = Release|Win32
		{47EC8363-28CE-40A4-B000-5FD50CCD4A41}.Release|Win32.Build.0 = Release|Win32
		{47EC8363-28CE-40A4-B000-5FD50CCD4A41}.Release|Win32.Deploy.0 = Release|Win32
		{47EC8363-28CE-40A4-B000-5FD50CCD4A41}.Release|x64.ActiveCfg = Release|x64
		{47EC8363-28CE-40A4-B000-5FD50CCD4A41}.Release|x64.Build.0 = Release|x64
		{47EC8363-28CE-40A4-B000-5FD50CCD4A41}.Release|x64.Deploy.0 = Release|x64
		{44E6B51A-698B-4101-9C83-A3F7CDBD566A}.Debug|Win32.ActiveCfg = Debug|Win32
		{44E6B51A-698B-4101-9C83-A3F7CDBD566A}.Debug|Win32.Build.0 = Debug|Win32
		{44E6B51A-698B-4101-9C83-A3F7CDBD566A}.Debug|Win32.Deploy.0 = Debug|Win32
		{44E6B51A-698B-4101-9C83-A3F7CDBD566A}.Debug|x64.ActiveCfg = Debug|x64
		{44E6B51A-698B-4101-9C83-A3F7CDBD566A}.Debug|x64.Build.0 = Debug|x64
		{44E6B51A-698B-4101-9C83-A3F7CDBD566A}.Debug|x64.Deploy.0 = Debug|x64
		{44E6B51A-698B-4101-9C83-A3F7CDBD566A}.Release|Win32.ActiveCfg = Release|Win32
		{44E6B51A-698B-4101-9C83-A3F7CDBD566A}.Release|Win32.Build.0 = Release|Win32
		{44E6B51A-698B-4101-9C83-A3F7CDBD566A}.Release|Win32.Deploy.0 = Release|Win32
		{44E6B51A-698B-4101-9C83-A3F7CDBD566A}.Release|x64.ActiveCfg = Release|x64
		{44E6B51A-698B-4101-9C83-A3F7CDBD566A}.Release|x64.Build.0 = Release|x64
		{44E6B51A-698B-4101-9C83-A3F7CDBD566A}.Release|x64.Deploy.0 = Release|x64
		{02CAC2B3-356A-487B-99A6-E96E195852E8}.Debug|Win32.ActiveCfg = Debug|Win32
		{02CAC2B3-356A-487B-99A6-E96E195852E8}.Debug|Win32.Build.0 = Debug|Win32
		{02CAC2B3-356A-487B-99A6-E96E195852E8}.Debug|Win32.Deploy.0 = Debug|Win32
		{02CAC2B3-356A-487B-99A6-E96E195852E8}.Debug|x64.ActiveCfg = Debug|x64
		{02CAC2B3-356A-487B-99A6-E96E195852E8}.Debug|x64.Build.0 = Debug|x64
		{02CAC2B3-356A-487B-99A6-E96E195852E8}.Debug|x64.Deploy.0 = Debug|x64
		{02CAC2B3-356A-487B-99A6-E96E195852E8}.Release|Win32.ActiveCfg = Release|Win32
		{02CAC2B3-356A-487B-99A6-E96E195852E8}.Release|Win32.Build.0 = Release|Win32
		{02CAC2B3-356A-487B-99A6-E96E195852E8}.Release|Win32.Deploy.0 = Release|Win32
		{02CAC2B3-356A-487B-99A6-E96E195852E8}.Release|x64.ActiveCfg = Release|x64
		{02CAC2B3-356A-487B-99A6-E96E195852E8}.Release|x64.Build.0 = Release|x64
		{02CAC2B3-356A-487B-99A6-E96E195852E8}.Release|x64.Deploy.0 = Release|x64
		{8CE1910A-F8D5-4ACE-912F-31149BEEFFE0}.Debug|Win32.ActiveCfg = Debug|Win32
		{8CE1910A-F8D5-4ACE-912F-31149BEEFFE0}.Debug|Win32.Build.0 = Debug|Win32
		{8CE1910A-F8D5-4ACE-912F-31149BEEFFE0}.Debug|Win32.Deploy.0 = Debug|Win32
		{8CE1910A-F8D5-4ACE-912F-31149BEEFFE0}.Debug|x64.ActiveCfg = Debug|x64
		{8CE1910A-F8D5-4ACE-912F-31149BEEFFE0}.Debug|x64.Build.0 = Debug|x64
		{8CE1910A-F8D5-4ACE-912F-31149BEEFFE0}.Debug|x64.Deploy.0 = Debug|x64
		{8CE1910A-F8D5-4ACE-912F-31149BEEFFE0}.Release|Win32.ActiveCfg = Release|Win32
		{8CE1910A-F8D5-4ACE-912F-31149BEEFFE0}.Release|Win32.Build.0 = Release|Win32
		{8CE1910A-F8D5-4ACE-912F-31149BEEFFE0}.Release|Win32.Deploy.0 = Release|Win32
		{8CE1910A-F8D5-4ACE-912F-31149BEEFFE0}.Release|x64.ActiveCfg = Release|x64
		{8CE1910A-F8D5-4ACE-912F-31149BEEFFE0}.Release|x64.Build.0 = Release|x64
		{8CE1910A-F8D5-4ACE-912F-31149BEEFFE0}.Release|x64.Deploy.0 = Release|x64
		{745FA042-6E16-4F1B-8131-33686DCB8E9A}.Debug|Win32.ActiveCfg = Debug|Win32
		{745FA042-6E16-4F1B-8131-33686DCB8E9A}.Debug|Win32.Build.0 = Debug|Win32
		{745FA042-6E16-4F1B-8131-33686DCB8E9A}.Debug|Win32.Deploy.0 = Debug|Win32
		{745FA042-6E16-4F1B-8131-33686DCB8E9A}.Debug|x64.ActiveCfg = Debug|x64
		{745FA042-6E16-4F1B-8131-33686DCB8E9A}.Debug|x64.Build.0 = Debug|x64
		{745FA042-6E16-4F1B-8131-33686DCB8E9A}.Debug|x64.Deploy.0 = Debug|x64
		{745FA042-6E16-4F1B-8131-33686DCB8E9A}.Release|Win32.ActiveCfg = Release|Win32
		{745FA042-6E16-4F1B-8131-33686DCB8E9A}.Release|Win32.Build.0 = Release|Win32
		{745FA042-6E16-4F1B-8131-33686DCB8E9A}.Release|Win32.Deploy.0 = Release|Win32
		{745FA042-6E16-4F1B-8131-33686DCB8E9A}.Release|x64.ActiveCfg = Release|x64
		{745FA042-6E16-4F1B-8131-33686DCB8E9A}.Release|x64.Build.0 = Release|x64
		{745FA042-6E16-4F1B-8131-33686DCB8E9A}.Release|x64.Deploy.0 = Release|x64
		{98CDF305-27CE-4D7A-B994-CF43B5F04FB6}.Debug|Win32.ActiveCfg = Debug|Win32
		{98CDF305-27CE-4D7A-B994-CF43B5F04FB6}.Debug|Win32.Build.0 = Debug|Win32
		{98CDF305-27CE-4D7A-B994-CF43B5F04FB6}.Debug|Win32.Deploy.0 = Debug|Win32
		{98CDF305-27CE-4D7A-B994-CF43B5F04FB6}.Debug|x64.ActiveCfg = Debug|x64
		{98CDF305-27CE-4D7A-B994-CF43B5F04FB6}.Debug|x64.Build.0 = Debug|x64
		{98CDF305-27CE-4D7A-B994-CF43B5F04FB6}.Debug|x64.Deploy.0 = Debug|x64
		{98CDF305-27CE-4D7A-B994-CF43B5F04FB6}.Release|Win32.ActiveCfg = Release|Win32
		{98CDF305-27CE-4D7A-B994-CF43B5F04FB6}.Release|Win32.Build.0 = Release|Win32
		{98CDF305-27CE-4D7A-B994-CF43B5F04FB6}.Release|Win32.Deploy.0 = Release|Win32
		{98CDF305-27CE-4D7A-B994-CF43B5F04FB6}.Release|x64.ActiveCfg = Release|x64
		{98CDF305-27CE-4D7A-B994-CF43B5F04FB6}.Release|x64.Build.0 = Release|x64
		{98CDF305-27CE-4D7A-B994-CF43B5F04FB6}.Release|x64.Deploy.0 = Release|x64
		{C5599C54-63BA-497B-89D7-02688E6DF698}.Debug|Win32.ActiveCfg = Debug|Win32
		{C5599C54-63BA-497B-89D7-02688E6DF698}.Debug|Win32.Build.0 = Debug|Win32
		{C5599C54-63BA-497B-89D7-02688E6DF698}.Debug|Win32.Deploy.0 = Debug|Win32
		{C5599C54-63BA-497B-89D7-02688E6DF698}.Debug|x64.ActiveCfg = Debug|x64
		{C5599C54-63BA-497B-89D7-02688E6DF698}.Debug|x64.Build.0 = Debug|x64
		{C5599C54-63BA-497B-89D7-02688E6DF698}.Debug|x64.Deploy.0 = Debug|x64
		{C5599C54-63BA-497B-89D7-02688E6DF698}.Release|Win32.ActiveCfg = Release|Win32
		{C5599C54-63BA-497B-89D7-02688E6DF698}.Release|Win32.Build.0 = Release|Win32
		{C5599C54-63BA-497B-89D7-02688E6DF698}.Release|Win32.Deploy.0 = Release|Win32
		{C5599C54-63BA-497B-89D7-02688E6DF698}.Release|x64.ActiveCfg = Release|x64
		{C5599C54-63BA-497B-89D7-02688E6DF698}.Release|x64.Build.0 = Release|x64
		{C5599C54-63BA-497B-89D7-02688E6DF698}.Release|x64.Deploy.0 = Release|x64
		{0718C3C6-2B89-4482-BCDB-93EA273C5767}.Debug|Win32.ActiveCfg = Debug|Win32
		{0718C3C6-2B89-4482-BCDB-93EA273C5767}.Debug|Win32.Build.0 = Debug|Win32
		{0718C3C6-2B89-4482-BCDB-93EA273C5767}.Debug|Win32.Deploy.0 = Debug|Win32
		{0718C3C6-2B89-4482-BCDB-93EA273C5767}.Debug|x64.ActiveCfg = Debug|x64
		{0718C3C6-2B89-4482-BCDB-93EA273C5767}.Debug|x64.Build.0 = Debug|x64
		{0718C3C6-2B89-4482-BCDB-93EA273C5767}.Debug|x64.Deploy.0 = Debug|x64
		{0718C3C6-2B89-4482-BCDB-93EA273C5767}.Release|Win32.ActiveCfg = Release|Win32
		{0718C3C6-2B89-4482-BCDB-93EA273C5767}.Release|Win32.Build.0 = Release|Win32
		{0718C3C6-2B89-4482-BCDB-93EA273C5767}.Release|Win32.Deploy.0 = Release|Win32
		{0718C3C6-2B89-4482-BCDB-93EA273C5767}.Release|x64.ActiveCfg = Release|x64
		{0718C3C6-2B89-4482-BCDB-93EA273C5767}.Release|x64.Build.0 = Release|x64
		{0718C3C6-2B89-4482-BCDB-93EA273C5767}.Release|x64.Deploy.0 = Release|x64
		{DEA58FFA-99D7-419E-B354-8F0FE706EF37}.Debug|Win32.ActiveCfg = Debug|Win32
		{DEA58FFA-99D7-419E-B354-8F0FE706EF37}.Debug|Win32.Build.0 = Debug|Win32
		{DEA58FFA-99D7-419E-B354-8F0FE706EF37}.Debug|Win32.Deploy.0 = Debug|Win32
		{DEA58FFA-99D7-419E-B354-8F0FE706EF37}.Debug|x64.ActiveCfg = Debug|x64
		{DEA58FFA-99D7-419E-B354-8F0FE706EF37}.Debug|x64.Build.0 = Debug|x64
		{DEA58FFA-99D7-419E-B354-8F0FE706EF37}.Debug|x64.Deploy.0 = Debug|x64
		{DEA58FFA-99D7-419E-B354-8F0FE706EF37}.Release|Win32.ActiveCfg = Release|Win32
		{DEA58FFA-99D7-419E-B354-8F0FE706EF37}.Release|Win32.Build.0 = Release|Win32
		{DEA58FFA-99D7-419E-B354-8F0FE706EF37}.Release|Win32.Deploy.0 = Release|Win32
		{DEA58FFA-99D7-419E-B354-8F0FE706EF37}.Release|x64.ActiveCfg = Release|x64
		{DEA58FFA-99D7-419E-B354-8F0FE706EF37}.Release|x64.Build.0 = Release|x64
		{DEA58FFA-99D7-419E-B354-8F0FE706EF37}.Release|x64.Deploy.0 = Release|x64
		{0704F5B0-CDAA-454A-A291-DF7DA5AD90D8}.Debug|Win32.ActiveCfg = Debug|Win32
		{0704F5B0-CDAA-454A-A291-DF7DA5AD90D8}.Debug|Win32.Build.0 = Debug|Win32
		{0704F5B0-CDAA-454A-A291-DF7DA5AD90D8}.Debug|Win32.Deploy.0 = Debug|Win32
		{0704F5B0-CDAA-454A-A291-DF7DA5AD90D8}.Debug|x64.ActiveCfg = Debug|x64
		{0704F5B0-CDAA-454A-A291-DF7DA5AD90D8}.Debug|x64.Build.0 = Debug|x64
		{0704F5B0-CDAA-454A-A291-DF7DA5AD90D8}.Debug|x64.Deploy.0 = Debug|x64
		{0704F5B0-CDAA-454A-A291-DF7DA5AD90D8}.Release|Win32.ActiveCfg = Release|Win32
		{0704F5B0-CDAA-454A-A291-DF7DA5AD90D8}.Release|Win32.Build.0 = Release|Win32
		{0704F5B0-CDAA-454A-A291-DF7DA5AD90D8}.Release|Win32.Deploy.0 = Release|Win32
		{0704F5B0-CDAA-454A-A291-DF7DA5AD90D8}.Release|x64.ActiveCfg = Release|x64
		{0704F5B0-CDAA-454A-A291-DF7DA5AD90D8}.Release|x64.Build.0 = Release|x64
		{0704F5B0-CDAA-454A-A291-DF7DA5AD90D8}.Release|x64.Deploy.0 = Release|x64
		{D48EB8DB-CF70-4180-B65F-90C997539236}.Debug|Win32.ActiveCfg = Debug|Win32
		{D48EB8DB-CF70-4180-B65F-90C997539236}.Debug|Win32.Build.0 = Debug|Win32
		{D48EB8DB-CF70-4180-B65F-90C997539236}.Debug|Win32.Deploy.0 = Debug|Win32
		{D48EB8DB-CF70-4180-B65F-90C997539236}.Debug|x64.ActiveCfg = Debug|x64
		{D48EB8DB-CF70-4180-B65F-90C997539236}.Debug|x64.Build.0 = Debug|x64
		{D48EB8DB-CF70-4180-B65F-90C997539236}.Debug|x64.Deploy.0 = Debug|x64
		{D48EB8DB-CF70-4180-B65F-90C997539236}.Release|Win32.ActiveCfg = Release|Win32
		{D48EB8DB-CF70-4180-B65F-90C997539236}.Release|Win32.Build.0 = Release|Win32
		{D48EB8DB-CF70-4180-B65F-90C997539236}.Release|Win32.Deploy.0 = Release|Win32
		{D48EB8DB-CF70-4180-B65F-90C997539236}.Release|x64.ActiveCfg = Release|x64
		{D48EB8DB-CF70-4180-B65F-90C997539236}.Release|x64.Build.0 = Release|x64
		{D48EB8DB-CF70-4180-B65F-90C997539236}.Release|x64.Deploy.0 = Release|x64
		{314C748E-BC2A-4E2E-98FC-E1B19D8E0FD4}.Debug|Win32.ActiveCfg = Debug|Win32
		{314C748E-BC2A-4E2E-98FC-E1B19D8E0FD4}.Debug|Win32.Build.0 = Debug|Win32
		{314C748E-BC2A-4E2E-98FC-E1B19D8E0FD4}.Debug|Win32.Deploy.0 = Debug|Win32
		{314C748E-BC2A-4E2E-98FC-E1B19D8E0FD4}.Debug|x64.ActiveCfg = Debug|x64
		{314C748E-BC2A-4E2E-98FC-E1B19D8E0FD4}.Debug|x64.Build.0 = Debug|x64
		{314C748E-BC2A-4E2E-98FC-E1B19D8E0FD4}.Debug|x64.Deploy.0 = Debug|x64
		{314C748E-BC2A-4E2E-98FC-E1B19D8E0FD4}.Release|Win32.ActiveCfg = Release|Win32
		{314C748E-BC2A-4E2E-98FC-E1B19D8E0FD4}.Release|Win32.Build.0 = Release|Win32
		{314C748E-BC2A-4E2E-98FC-E1B19D8E0FD4}.Release|Win32.Deploy.0 = Release|Win32
		{314C748E-BC2A-4E2E-98FC-E1B19D8E0FD4}.Release|x64.ActiveCfg = Release|x64
		{314C748E-BC2A-4E2E-98FC-E1B19D8E0FD4}.Release|x64.Build.0 = Release|x64
		{314C748E-BC2A-4E2E-98FC-E1B19D8E0FD4}.Release|x64.Deploy.0 = Release|x64
		{756F441D-F8CF-46C5-BE31-A1ED07A8E2E5}.Debug|Win32.ActiveCfg = Debug|Win32
		{756F441D-F8CF-46C5-BE31-A1ED07A8E2E5}.Debug|Win32.Build.0 = Debug|Win32
		{756F441D-F8CF-46C5-BE31-A1ED07A8E2E5}.Debug|Win32.Deploy.0 = Debug|Win32
		{756F441D-F8CF-46C5-BE31-A1ED07A8E2E5}.Debug|x64.ActiveCfg = Debug|x64
		{756F441D-F8CF-46C5-BE31-A1ED07A8E2E5}.Debug|x64.Build.0 = Debug|x64
		{756F441D-F8CF-46C5-BE31-A1ED07A8E2E5}.Debug|x64.Deploy.0 = Debug|x64
		{756F441D-F8CF-46C5-BE31-A1ED07A8E2E5}.Release|Win32.ActiveCfg = Release|Win32
		{756F441D-F8CF-46C5-BE31-A1ED07A8E2E5}.Release|Win32.Build.0 = Release|Win32
		{756F441D-F8CF-46C5-BE31-A1ED07A8E2E5}.Release|Win32.Deploy.0 = Release|Win32
		{756F441D-F8CF-46C5-BE31-A1ED07A8E2E5}.Release|x64.ActiveCfg = Release|x64
		{756F441D-F8CF-46C5-BE31-A1ED07A8E2E5}.Release|x64.Build.0 = Release|x64
		{756F441D-F8CF-46C5-BE31-A1ED07A8E2E5}.Release|x64.Deploy.0 = Release|x64
	EndGlobalSection
	GlobalSection(SolutionProperties) = preSolution
		HideSolutionNode = FALSE
	EndGlobalSection
EndGlobal
